// !$*UTF8*$!
{
	archiveVersion = 1;
	classes = {
	};
	objectVersion = 39;
	objects = {
		014CEA460018CE2711CA2923 = {
			buildSettings = {
				COPY_PHASE_STRIP = NO;
				GCC_DYNAMIC_NO_PIC = NO;
				GCC_ENABLE_FIX_AND_CONTINUE = YES;
				GCC_GENERATE_DEBUGGING_SYMBOLS = YES;
				GCC_OPTIMIZATION_LEVEL = 0;
				GCC_PREFIX_HEADER = xcode_prefix.h;
				GCC_PREPROCESSOR_DEFINITIONS = "TARGET_API_MAC_CARBON=0 TYPE_BOOL=1 __MWERKS__=0xffffffff _CSTD=std _STD=std __dest_os=__posixtool__ PP_Uses_Std_Namespace=1 WritersBlock=1";
				HEADER_SEARCH_PATHS = "../Source/Parser ../../mr/**";
				SYMROOT = ./;
				ZERO_LINK = NO;
			};
			isa = PBXBuildStyle;
			name = Development;
		};
		014CEA470018CE2711CA2923 = {
			buildSettings = {
				COPY_PHASE_STRIP = YES;
				GCC_ENABLE_FIX_AND_CONTINUE = NO;
				ZERO_LINK = NO;
			};
			isa = PBXBuildStyle;
			name = Deployment;
		};
//010
//011
//012
//013
//014
//080
//081
//082
//083
//084
		08FB7793FE84155DC02AAC07 = {
			buildSettings = {
			};
			buildStyles = (
				014CEA460018CE2711CA2923,
				014CEA470018CE2711CA2923,
			);
			hasScannedForEncodings = 1;
			isa = PBXProject;
			mainGroup = 08FB7794FE84155DC02AAC07;
			projectDirPath = "";
			targets = (
				8DD76F620486A84900D96B5E,
			);
		};
		08FB7794FE84155DC02AAC07 = {
			children = (
				4D3512D009279C7100FF650C,
				08FB7795FE84155DC02AAC07,
				C6859E8C029090F304C91782,
				1AB674ADFE9D54B511CA2CBB,
				4D3512F30927A7BC00FF650C,
			);
			isa = PBXGroup;
			name = tbproject;
			refType = 4;
			sourceTree = "<group>";
		};
		08FB7795FE84155DC02AAC07 = {
			children = (
				4D3512700926DFDC00FF650C,
			);
			isa = PBXGroup;
			name = Source;
			refType = 4;
			sourceTree = "<group>";
		};
//080
//081
//082
//083
//084
//1A0
//1A1
//1A2
//1A3
//1A4
		1AB674ADFE9D54B511CA2CBB = {
			children = (
				8DD76F6C0486A84900D96B5E,
			);
			isa = PBXGroup;
			name = Products;
			refType = 4;
			sourceTree = "<group>";
		};
//1A0
//1A1
//1A2
//1A3
//1A4
//4D0
//4D1
//4D2
//4D3
//4D4
		4D3512700926DFDC00FF650C = {
			fileEncoding = 30;
			isa = PBXFileReference;
			lastKnownFileType = sourcecode.cpp.cpp;
			path = TBFormat.cpp;
			refType = 4;
			sourceTree = "<group>";
		};
		4D3512710926DFDC00FF650C = {
			fileRef = 4D3512700926DFDC00FF650C;
			isa = PBXBuildFile;
			settings = {
			};
		};
		4D3512D009279C7100FF650C = {
			explicitFileType = sourcecode.cpp.cpp;
			fileEncoding = 30;
			isa = PBXFileReference;
			name = lex.basic.c;
			path = ../Source/Parser/lex.basic.c;
			refType = 2;
			sourceTree = SOURCE_ROOT;
		};
		4D3512D109279C7200FF650C = {
			fileRef = 4D3512D009279C7100FF650C;
			isa = PBXBuildFile;
			settings = {
			};
		};
		4D3512F30927A7BC00FF650C = {
			fileEncoding = 4;
			isa = PBXFileReference;
			lastKnownFileType = sourcecode.c.h;
			path = xcode_prefix.h;
			refType = 4;
			sourceTree = "<group>";
		};
//4D0
//4D1
//4D2
//4D3
//4D4
//8D0
//8D1
//8D2
//8D3
//8D4
		8DD76F620486A84900D96B5E = {
			buildPhases = (
				8DD76F640486A84900D96B5E,
				8DD76F660486A84900D96B5E,
				8DD76F690486A84900D96B5E,
			);
			buildRules = (
			);
			buildSettings = {
				GCC_GENERATE_DEBUGGING_SYMBOLS = NO;
				GCC_MODEL_TUNING = G5;
				GCC_WARN_ABOUT_RETURN_TYPE = YES;
				GCC_WARN_UNUSED_VARIABLE = YES;
				INSTALL_PATH = "$(HOME)/bin";
				PREBINDING = NO;
				PRODUCT_NAME = tbformat;
			};
			dependencies = (
			);
			isa = PBXNativeTarget;
			name = tbformat;
			productInstallPath = "$(HOME)/bin";
			productName = tbproject;
			productReference = 8DD76F6C0486A84900D96B5E;
			productType = "com.apple.product-type.tool";
		};
		8DD76F640486A84900D96B5E = {
			buildActionMask = 2147483647;
			files = (
				4D3512710926DFDC00FF650C,
				4D3512D109279C7200FF650C,
			);
			isa = PBXSourcesBuildPhase;
			runOnlyForDeploymentPostprocessing = 0;
		};
		8DD76F660486A84900D96B5E = {
			buildActionMask = 2147483647;
			files = (
			);
			isa = PBXFrameworksBuildPhase;
			runOnlyForDeploymentPostprocessing = 0;
		};
		8DD76F690486A84900D96B5E = {
			buildActionMask = 8;
			dstPath = /usr/share/man/man1/;
			dstSubfolderSpec = 0;
			files = (
			);
			isa = PBXCopyFilesBuildPhase;
			runOnlyForDeploymentPostprocessing = 1;
		};
		8DD76F6C0486A84900D96B5E = {
			explicitFileType = "compiled.mach-o.executable";
			includeInIndex = 0;
			isa = PBXFileReference;
			path = tbformat;
			refType = 3;
			sourceTree = BUILT_PRODUCTS_DIR;
		};
//8D0
//8D1
//8D2
//8D3
//8D4
//C60
//C61
//C62
//C63
//C64
		C6859E8C029090F304C91782 = {
			children = (
			);
			isa = PBXGroup;
			name = Documentation;
			refType = 4;
			sourceTree = "<group>";
		};
	};
	rootObject = 08FB7793FE84155DC02AAC07;
}
